
Microsoft Visual Studio Solution File, Format Version 12.00
# Visual Studio Version 17
VisualStudioVersion = 17.4.33213.308
MinimumVisualStudioVersion = 10.0.40219.1
Project("{FAE04EC0-301F-11D3-BF4B-00C04F79EFBC}") = "ADBook-UC5", "ADBook-UC5\ADBook-UC5.csproj", "{03EED9EE-6C1A-4718-AF6D-C83E9EF2D863}"
EndProject
Global
	GlobalSection(SolutionConfigurationPlatforms) = preSolution
		Debug|Any CPU = Debug|Any CPU
		Release|Any CPU = Release|Any CPU
	EndGlobalSection
	GlobalSection(ProjectConfigurationPlatforms) = postSolution
		{03EED9EE-6C1A-4718-AF6D-C83E9EF2D863}.Debug|Any CPU.ActiveCfg = Debug|Any CPU
		{03EED9EE-6C1A-4718-AF6D-C83E9EF2D863}.Debug|Any CPU.Build.0 = Debug|Any CPU
		{03EED9EE-6C1A-4718-AF6D-C83E9EF2D863}.Release|Any CPU.ActiveCfg = Release|Any CPU
		{03EED9EE-6C1A-4718-AF6D-C83E9EF2D863}.Release|Any CPU.Build.0 = Release|Any CPU
	EndGlobalSection
	GlobalSection(SolutionProperties) = preSolution
		HideSolutionNode = FALSE
	EndGlobalSection
	GlobalSection(ExtensibilityGlobals) = postSolution
		SolutionGuid = {8EA8E50A-FB38-4A91-A92F-1B565C77ED78}
	EndGlobalSection
EndGlobal
